
Microsoft Visual Studio Solution File, Format Version 12.00
# Visual Studio Version 17
VisualStudioVersion = 17.9.34622.214
MinimumVisualStudioVersion = 10.0.40219.1
Project("{9A19103F-16F7-4668-BE54-9A1E7A4F7556}") = "SchoolAPIs", "TwitterAPIs\SchoolAPIs.csproj", "{BED23D85-925D-45DC-9850-45F26E5C3136}"
EndProject
Global
	GlobalSection(SolutionConfigurationPlatforms) = preSolution
		Debug|Any CPU = Debug|Any CPU
		Release|Any CPU = Release|Any CPU
	EndGlobalSection
	GlobalSection(ProjectConfigurationPlatforms) = postSolution
		{BED23D85-925D-45DC-9850-45F26E5C3136}.Debug|Any CPU.ActiveCfg = Debug|Any CPU
		{BED23D85-925D-45DC-9850-45F26E5C3136}.Debug|Any CPU.Build.0 = Debug|Any CPU
		{BED23D85-925D-45DC-9850-45F26E5C3136}.Release|Any CPU.ActiveCfg = Release|Any CPU
		{BED23D85-925D-45DC-9850-45F26E5C3136}.Release|Any CPU.Build.0 = Release|Any CPU
	EndGlobalSection
	GlobalSection(SolutionProperties) = preSolution
		HideSolutionNode = FALSE
	EndGlobalSection
	GlobalSection(ExtensibilityGlobals) = postSolution
		SolutionGuid = {F20C652B-3504-44E9-9ACB-8778234F2D86}
	EndGlobalSection
EndGlobal
